// !$*UTF8*$!
{
	archiveVersion = 1;
	classes = {
	};
	objectVersion = 77;
	objects = {

/* Begin PBXBuildFile section */
		05E0318E2CC5457800ABBA88 /* KSValue.swift in Sources */ = {isa = PBXBuildFile; fileRef = 05E0318D2CC5457800ABBA88 /* KSValue.swift */; };
		05E0318F2CC5457800ABBA88 /* KSValue.swift in Sources */ = {isa = PBXBuildFile; fileRef = 05E0318D2CC5457800ABBA88 /* KSValue.swift */; };
		05E031B42CC551D900ABBA88 /* main.swift in Sources */ = {isa = PBXBuildFile; fileRef = 05E031B32CC551D900ABBA88 /* main.swift */; };
		05E031BC2CC5529D00ABBA88 /* JavaScriptKit.xcframework in Frameworks */ = {isa = PBXBuildFile; fileRef = 05E031BB2CC5529D00ABBA88 /* JavaScriptKit.xcframework */; };
		05E031BF2CC554F200ABBA88 /* JavaScriptKit.xcframework in Frameworks */ = {isa = PBXBuildFile; fileRef = 05E031BB2CC5529D00ABBA88 /* JavaScriptKit.xcframework */; };
		05E031C02CC554F200ABBA88 /* JavaScriptKit.xcframework in Embed Frameworks */ = {isa = PBXBuildFile; fileRef = 05E031BB2CC5529D00ABBA88 /* JavaScriptKit.xcframework */; settings = {ATTRIBUTES = (CodeSignOnCopy, RemoveHeadersOnCopy, ); }; };
/* End PBXBuildFile section */

/* Begin PBXContainerItemProxy section */
		05E0319C2CC546FD00ABBA88 /* PBXContainerItemProxy */ = {
			isa = PBXContainerItemProxy;
			containerPortal = 0524A53C2CC53B92001356A5 /* Project object */;
			proxyType = 1;
			remoteGlobalIDString = 05E031812CC53D9F00ABBA88;
			remoteInfo = JavaScriptKit_iOS;
		};
		05E0319E2CC546FD00ABBA88 /* PBXContainerItemProxy */ = {
			isa = PBXContainerItemProxy;
			containerPortal = 0524A53C2CC53B92001356A5 /* Project object */;
			proxyType = 1;
			remoteGlobalIDString = 0524A5442CC53B92001356A5;
			remoteInfo = JavaScriptKit_macOS;
		};
		05E031B92CC5523800ABBA88 /* PBXContainerItemProxy */ = {
			isa = PBXContainerItemProxy;
			containerPortal = 0524A53C2CC53B92001356A5 /* Project object */;
			proxyType = 1;
			remoteGlobalIDString = 05E031A32CC54DA800ABBA88;
			remoteInfo = Bundle;
		};
/* End PBXContainerItemProxy section */

/* Begin PBXCopyFilesBuildPhase section */
		05E031AC2CC54DD900ABBA88 /* Embed Frameworks */ = {
			isa = PBXCopyFilesBuildPhase;
			buildActionMask = 2147483647;
			dstPath = "";
			dstSubfolderSpec = 10;
			files = (
				05E031C02CC554F200ABBA88 /* JavaScriptKit.xcframework in Embed Frameworks */,
			);
			name = "Embed Frameworks";
			runOnlyForDeploymentPostprocessing = 0;
		};
		05E031AF2CC551D900ABBA88 /* CopyFiles */ = {
			isa = PBXCopyFilesBuildPhase;
			buildActionMask = 2147483647;
			dstPath = /usr/share/man/man1/;
			dstSubfolderSpec = 0;
			files = (
			);
			runOnlyForDeploymentPostprocessing = 1;
		};
/* End PBXCopyFilesBuildPhase section */

/* Begin PBXFileReference section */
		0524A5452CC53B92001356A5 /* JavaScriptKit.framework */ = {isa = PBXFileReference; explicitFileType = wrapper.framework; includeInIndex = 0; path = JavaScriptKit.framework; sourceTree = BUILT_PRODUCTS_DIR; };
		05E031822CC53D9F00ABBA88 /* JavaScriptKit.framework */ = {isa = PBXFileReference; explicitFileType = wrapper.framework; includeInIndex = 0; path = JavaScriptKit.framework; sourceTree = BUILT_PRODUCTS_DIR; };
		05E0318D2CC5457800ABBA88 /* KSValue.swift */ = {isa = PBXFileReference; lastKnownFileType = sourcecode.swift; path = KSValue.swift; sourceTree = "<group>"; };
		05E031A42CC54DA800ABBA88 /* JavaScriptKit.bundle */ = {isa = PBXFileReference; explicitFileType = wrapper.cfbundle; includeInIndex = 0; path = JavaScriptKit.bundle; sourceTree = BUILT_PRODUCTS_DIR; };
		05E031A92CC54DD900ABBA88 /* MultiUIKit.xcframework */ = {isa = PBXFileReference; lastKnownFileType = wrapper.xcframework; name = MultiUIKit.xcframework; path = ../../../Library/Frameworks/MultiUIKit.xcframework; sourceTree = "<group>"; };
		05E031B12CC551D900ABBA88 /* UnitTest */ = {isa = PBXFileReference; explicitFileType = "compiled.mach-o.executable"; includeInIndex = 0; path = UnitTest; sourceTree = BUILT_PRODUCTS_DIR; };
		05E031B32CC551D900ABBA88 /* main.swift */ = {isa = PBXFileReference; lastKnownFileType = sourcecode.swift; path = main.swift; sourceTree = "<group>"; };
		05E031BB2CC5529D00ABBA88 /* JavaScriptKit.xcframework */ = {isa = PBXFileReference; lastKnownFileType = wrapper.xcframework; name = JavaScriptKit.xcframework; path = ../../../Library/Frameworks/JavaScriptKit.xcframework; sourceTree = "<group>"; };
/* End PBXFileReference section */

/* Begin PBXFileSystemSynchronizedBuildFileExceptionSet section */
		0524A54C2CC53B92001356A5 /* Exceptions for "JavaScriptKit_macOS" folder in "JavaScriptKit_macOS" target */ = {
			isa = PBXFileSystemSynchronizedBuildFileExceptionSet;
			publicHeaders = (
				JavaScriptKit.h,
			);
			target = 0524A5442CC53B92001356A5 /* JavaScriptKit_macOS */;
		};
		05E031882CC53D9F00ABBA88 /* Exceptions for "JavaScriptKit_iOS" folder in "JavaScriptKit_iOS" target */ = {
			isa = PBXFileSystemSynchronizedBuildFileExceptionSet;
			publicHeaders = (
				JavaScriptKit_iOS.h,
			);
			target = 05E031812CC53D9F00ABBA88 /* JavaScriptKit_iOS */;
		};
/* End PBXFileSystemSynchronizedBuildFileExceptionSet section */

/* Begin PBXFileSystemSynchronizedRootGroup section */
		0524A5472CC53B92001356A5 /* JavaScriptKit_macOS */ = {
			isa = PBXFileSystemSynchronizedRootGroup;
			exceptions = (
				0524A54C2CC53B92001356A5 /* Exceptions for "JavaScriptKit_macOS" folder in "JavaScriptKit_macOS" target */,
			);
			path = JavaScriptKit_macOS;
			sourceTree = "<group>";
		};
		05E031832CC53D9F00ABBA88 /* JavaScriptKit_iOS */ = {
			isa = PBXFileSystemSynchronizedRootGroup;
			exceptions = (
				05E031882CC53D9F00ABBA88 /* Exceptions for "JavaScriptKit_iOS" folder in "JavaScriptKit_iOS" target */,
			);
			path = JavaScriptKit_iOS;
			sourceTree = "<group>";
		};
/* End PBXFileSystemSynchronizedRootGroup section */

/* Begin PBXFrameworksBuildPhase section */
		0524A5422CC53B92001356A5 /* Frameworks */ = {
			isa = PBXFrameworksBuildPhase;
			buildActionMask = 2147483647;
			files = (
			);
			runOnlyForDeploymentPostprocessing = 0;
		};
		05E0317F2CC53D9F00ABBA88 /* Frameworks */ = {
			isa = PBXFrameworksBuildPhase;
			buildActionMask = 2147483647;
			files = (
			);
			runOnlyForDeploymentPostprocessing = 0;
		};
		05E031A12CC54DA800ABBA88 /* Frameworks */ = {
			isa = PBXFrameworksBuildPhase;
			buildActionMask = 2147483647;
			files = (
				05E031BF2CC554F200ABBA88 /* JavaScriptKit.xcframework in Frameworks */,
			);
			runOnlyForDeploymentPostprocessing = 0;
		};
		05E031AE2CC551D900ABBA88 /* Frameworks */ = {
			isa = PBXFrameworksBuildPhase;
			buildActionMask = 2147483647;
			files = (
				05E031BC2CC5529D00ABBA88 /* JavaScriptKit.xcframework in Frameworks */,
			);
			runOnlyForDeploymentPostprocessing = 0;
		};
/* End PBXFrameworksBuildPhase section */

/* Begin PBXGroup section */
		0524A53B2CC53B92001356A5 = {
			isa = PBXGroup;
			children = (
				0524A5472CC53B92001356A5 /* JavaScriptKit_macOS */,
				05E031832CC53D9F00ABBA88 /* JavaScriptKit_iOS */,
				05E0317C2CC53BFE00ABBA88 /* Source */,
				05E031B82CC551E900ABBA88 /* Tests */,
				05E031A82CC54DD900ABBA88 /* Frameworks */,
				0524A5462CC53B92001356A5 /* Products */,
			);
			sourceTree = "<group>";
		};
		0524A5462CC53B92001356A5 /* Products */ = {
			isa = PBXGroup;
			children = (
				0524A5452CC53B92001356A5 /* JavaScriptKit.framework */,
				05E031822CC53D9F00ABBA88 /* JavaScriptKit.framework */,
				05E031A42CC54DA800ABBA88 /* JavaScriptKit.bundle */,
				05E031B12CC551D900ABBA88 /* UnitTest */,
			);
			name = Products;
			sourceTree = "<group>";
		};
		05E0317C2CC53BFE00ABBA88 /* Source */ = {
			isa = PBXGroup;
			children = (
				05E0318C2CC5455700ABBA88 /* Data */,
			);
			name = Source;
			path = ../Source;
			sourceTree = "<group>";
		};
		05E0318C2CC5455700ABBA88 /* Data */ = {
			isa = PBXGroup;
			children = (
				05E0318D2CC5457800ABBA88 /* KSValue.swift */,
			);
			path = Data;
			sourceTree = "<group>";
		};
		05E031A82CC54DD900ABBA88 /* Frameworks */ = {
			isa = PBXGroup;
			children = (
				05E031BB2CC5529D00ABBA88 /* JavaScriptKit.xcframework */,
				05E031A92CC54DD900ABBA88 /* MultiUIKit.xcframework */,
			);
			name = Frameworks;
			sourceTree = "<group>";
		};
		05E031B82CC551E900ABBA88 /* Tests */ = {
			isa = PBXGroup;
			children = (
				05E031B32CC551D900ABBA88 /* main.swift */,
			);
			name = Tests;
			path = ../Tests;
			sourceTree = "<group>";
		};
/* End PBXGroup section */

/* Begin PBXHeadersBuildPhase section */
		0524A5402CC53B92001356A5 /* Headers */ = {
			isa = PBXHeadersBuildPhase;
			buildActionMask = 2147483647;
			files = (
			);
			runOnlyForDeploymentPostprocessing = 0;
		};
		05E0317D2CC53D9F00ABBA88 /* Headers */ = {
			isa = PBXHeadersBuildPhase;
			buildActionMask = 2147483647;
			files = (
			);
			runOnlyForDeploymentPostprocessing = 0;
		};
/* End PBXHeadersBuildPhase section */

/* Begin PBXLegacyTarget section */
		05E031982CC546EF00ABBA88 /* Install */ = {
			isa = PBXLegacyTarget;
			buildArgumentsString = "-f ../Script/install.mk";
			buildConfigurationList = 05E031992CC546EF00ABBA88 /* Build configuration list for PBXLegacyTarget "Install" */;
			buildPhases = (
			);
			buildToolPath = /usr/bin/make;
			buildWorkingDirectory = "";
			dependencies = (
				05E0319D2CC546FD00ABBA88 /* PBXTargetDependency */,
				05E0319F2CC546FD00ABBA88 /* PBXTargetDependency */,
			);
			name = Install;
			packageProductDependencies = (
			);
			passBuildSettingsInEnvironment = 1;
			productName = Install;
		};
/* End PBXLegacyTarget section */

/* Begin PBXNativeTarget section */
		0524A5442CC53B92001356A5 /* JavaScriptKit_macOS */ = {
			isa = PBXNativeTarget;
			buildConfigurationList = 0524A54D2CC53B92001356A5 /* Build configuration list for PBXNativeTarget "JavaScriptKit_macOS" */;
			buildPhases = (
				0524A5402CC53B92001356A5 /* Headers */,
				0524A5412CC53B92001356A5 /* Sources */,
				0524A5422CC53B92001356A5 /* Frameworks */,
				0524A5432CC53B92001356A5 /* Resources */,
			);
			buildRules = (
			);
			dependencies = (
			);
			fileSystemSynchronizedGroups = (
				0524A5472CC53B92001356A5 /* JavaScriptKit_macOS */,
			);
			name = JavaScriptKit_macOS;
			packageProductDependencies = (
			);
			productName = JavaScriptKit_macOS;
			productReference = 0524A5452CC53B92001356A5 /* JavaScriptKit.framework */;
			productType = "com.apple.product-type.framework";
		};
		05E031812CC53D9F00ABBA88 /* JavaScriptKit_iOS */ = {
			isa = PBXNativeTarget;
			buildConfigurationList = 05E031892CC53D9F00ABBA88 /* Build configuration list for PBXNativeTarget "JavaScriptKit_iOS" */;
			buildPhases = (
				05E0317D2CC53D9F00ABBA88 /* Headers */,
				05E0317E2CC53D9F00ABBA88 /* Sources */,
				05E0317F2CC53D9F00ABBA88 /* Frameworks */,
				05E031802CC53D9F00ABBA88 /* Resources */,
			);
			buildRules = (
			);
			dependencies = (
			);
			fileSystemSynchronizedGroups = (
				05E031832CC53D9F00ABBA88 /* JavaScriptKit_iOS */,
			);
			name = JavaScriptKit_iOS;
			packageProductDependencies = (
			);
			productName = JavaScriptKit_iOS;
			productReference = 05E031822CC53D9F00ABBA88 /* JavaScriptKit.framework */;
			productType = "com.apple.product-type.framework";
		};
		05E031A32CC54DA800ABBA88 /* Bundle */ = {
			isa = PBXNativeTarget;
			buildConfigurationList = 05E031A52CC54DA800ABBA88 /* Build configuration list for PBXNativeTarget "Bundle" */;
			buildPhases = (
				05E031A02CC54DA800ABBA88 /* Sources */,
				05E031A12CC54DA800ABBA88 /* Frameworks */,
				05E031A22CC54DA800ABBA88 /* Resources */,
				05E031AC2CC54DD900ABBA88 /* Embed Frameworks */,
			);
			buildRules = (
			);
			dependencies = (
			);
			name = Bundle;
			packageProductDependencies = (
			);
			productName = Bundle;
			productReference = 05E031A42CC54DA800ABBA88 /* JavaScriptKit.bundle */;
			productType = "com.apple.product-type.bundle";
		};
		05E031B02CC551D900ABBA88 /* UnitTest */ = {
			isa = PBXNativeTarget;
			buildConfigurationList = 05E031B52CC551D900ABBA88 /* Build configuration list for PBXNativeTarget "UnitTest" */;
			buildPhases = (
				05E031AD2CC551D900ABBA88 /* Sources */,
				05E031AE2CC551D900ABBA88 /* Frameworks */,
				05E031AF2CC551D900ABBA88 /* CopyFiles */,
			);
			buildRules = (
			);
			dependencies = (
				05E031BA2CC5523800ABBA88 /* PBXTargetDependency */,
			);
			name = UnitTest;
			packageProductDependencies = (
			);
			productName = UnitTest;
			productReference = 05E031B12CC551D900ABBA88 /* UnitTest */;
			productType = "com.apple.product-type.tool";
		};
/* End PBXNativeTarget section */

/* Begin PBXProject section */
		0524A53C2CC53B92001356A5 /* Project object */ = {
			isa = PBXProject;
			attributes = {
				BuildIndependentTargetsInParallel = 1;
				LastSwiftUpdateCheck = 1600;
				LastUpgradeCheck = 1600;
				TargetAttributes = {
					0524A5442CC53B92001356A5 = {
						CreatedOnToolsVersion = 16.0;
					};
					05E031812CC53D9F00ABBA88 = {
						CreatedOnToolsVersion = 16.0;
					};
					05E031982CC546EF00ABBA88 = {
						CreatedOnToolsVersion = 16.0;
					};
					05E031A32CC54DA800ABBA88 = {
						CreatedOnToolsVersion = 16.0;
					};
					05E031B02CC551D900ABBA88 = {
						CreatedOnToolsVersion = 16.0;
					};
				};
			};
			buildConfigurationList = 0524A53F2CC53B92001356A5 /* Build configuration list for PBXProject "JavaScriptKit" */;
			developmentRegion = en;
			hasScannedForEncodings = 0;
			knownRegions = (
				en,
				Base,
			);
			mainGroup = 0524A53B2CC53B92001356A5;
			minimizedProjectReferenceProxies = 1;
			preferredProjectObjectVersion = 77;
			productRefGroup = 0524A5462CC53B92001356A5 /* Products */;
			projectDirPath = "";
			projectRoot = "";
			targets = (
				0524A5442CC53B92001356A5 /* JavaScriptKit_macOS */,
				05E031812CC53D9F00ABBA88 /* JavaScriptKit_iOS */,
				05E031982CC546EF00ABBA88 /* Install */,
				05E031A32CC54DA800ABBA88 /* Bundle */,
				05E031B02CC551D900ABBA88 /* UnitTest */,
			);
		};
/* End PBXProject section */

/* Begin PBXResourcesBuildPhase section */
		0524A5432CC53B92001356A5 /* Resources */ = {
			isa = PBXResourcesBuildPhase;
			buildActionMask = 2147483647;
			files = (
			);
			runOnlyForDeploymentPostprocessing = 0;
		};
		05E031802CC53D9F00ABBA88 /* Resources */ = {
			isa = PBXResourcesBuildPhase;
			buildActionMask = 2147483647;
			files = (
			);
			runOnlyForDeploymentPostprocessing = 0;
		};
		05E031A22CC54DA800ABBA88 /* Resources */ = {
			isa = PBXResourcesBuildPhase;
			buildActionMask = 2147483647;
			files = (
			);
			runOnlyForDeploymentPostprocessing = 0;
		};
/* End PBXResourcesBuildPhase section */

/* Begin PBXSourcesBuildPhase section */
		0524A5412CC53B92001356A5 /* Sources */ = {
			isa = PBXSourcesBuildPhase;
			buildActionMask = 2147483647;
			files = (
				05E0318E2CC5457800ABBA88 /* KSValue.swift in Sources */,
			);
			runOnlyForDeploymentPostprocessing = 0;
		};
		05E0317E2CC53D9F00ABBA88 /* Sources */ = {
			isa = PBXSourcesBuildPhase;
			buildActionMask = 2147483647;
			files = (
				05E0318F2CC5457800ABBA88 /* KSValue.swift in Sources */,
			);
			runOnlyForDeploymentPostprocessing = 0;
		};
		05E031A02CC54DA800ABBA88 /* Sources */ = {
			isa = PBXSourcesBuildPhase;
			buildActionMask = 2147483647;
			files = (
			);
			runOnlyForDeploymentPostprocessing = 0;
		};
		05E031AD2CC551D900ABBA88 /* Sources */ = {
			isa = PBXSourcesBuildPhase;
			buildActionMask = 2147483647;
			files = (
				05E031B42CC551D900ABBA88 /* main.swift in Sources */,
			);
			runOnlyForDeploymentPostprocessing = 0;
		};
/* End PBXSourcesBuildPhase section */

/* Begin PBXTargetDependency section */
		05E0319D2CC546FD00ABBA88 /* PBXTargetDependency */ = {
			isa = PBXTargetDependency;
			target = 05E031812CC53D9F00ABBA88 /* JavaScriptKit_iOS */;
			targetProxy = 05E0319C2CC546FD00ABBA88 /* PBXContainerItemProxy */;
		};
		05E0319F2CC546FD00ABBA88 /* PBXTargetDependency */ = {
			isa = PBXTargetDependency;
			target = 0524A5442CC53B92001356A5 /* JavaScriptKit_macOS */;
			targetProxy = 05E0319E2CC546FD00ABBA88 /* PBXContainerItemProxy */;
		};
		05E031BA2CC5523800ABBA88 /* PBXTargetDependency */ = {
			isa = PBXTargetDependency;
			target = 05E031A32CC54DA800ABBA88 /* Bundle */;
			targetProxy = 05E031B92CC5523800ABBA88 /* PBXContainerItemProxy */;
		};
/* End PBXTargetDependency section */

/* Begin XCBuildConfiguration section */
		0524A54E2CC53B92001356A5 /* Debug */ = {
			isa = XCBuildConfiguration;
			buildSettings = {
				BUILD_LIBRARY_FOR_DISTRIBUTION = YES;
				CODE_SIGN_STYLE = Automatic;
				COMBINE_HIDPI_IMAGES = YES;
				CURRENT_PROJECT_VERSION = 1;
				DEFINES_MODULE = YES;
				DEVELOPMENT_TEAM = TR2DNF3P93;
				DSTROOT = "/tmp/$(PROJECT_NAME)_macOS.dst";
				DYLIB_COMPATIBILITY_VERSION = 1;
				DYLIB_CURRENT_VERSION = 1;
				DYLIB_INSTALL_NAME_BASE = "@rpath";
				ENABLE_MODULE_VERIFIER = YES;
				GCC_OPTIMIZATION_LEVEL = 1;
				GENERATE_INFOPLIST_FILE = YES;
				INFOPLIST_KEY_NSHumanReadableCopyright = "";
				INSTALL_PATH = "$(LOCAL_LIBRARY_DIR)/Frameworks";
				LD_RUNPATH_SEARCH_PATHS = (
					"$(inherited)",
					"@executable_path/../Frameworks",
					"@loader_path/Frameworks",
				);
				MARKETING_VERSION = 1.0;
				MODULE_VERIFIER_SUPPORTED_LANGUAGES = "objective-c objective-c++";
				MODULE_VERIFIER_SUPPORTED_LANGUAGE_STANDARDS = "gnu17 gnu++20";
				PRODUCT_BUNDLE_IDENTIFIER = "com.github.steel-wheels.JavaScriptKit.macOS";
				PRODUCT_NAME = JavaScriptKit;
				SKIP_INSTALL = YES;
				SWIFT_EMIT_LOC_STRINGS = YES;
				SWIFT_INSTALL_OBJC_HEADER = NO;
				SWIFT_OPTIMIZATION_LEVEL = "-O";
				SWIFT_VERSION = 6.0;
			};
			name = Debug;
		};
		0524A54F2CC53B92001356A5 /* Release */ = {
			isa = XCBuildConfiguration;
			buildSettings = {
				BUILD_LIBRARY_FOR_DISTRIBUTION = YES;
				CODE_SIGN_STYLE = Automatic;
				COMBINE_HIDPI_IMAGES = YES;
				CURRENT_PROJECT_VERSION = 1;
				DEFINES_MODULE = YES;
				DEVELOPMENT_TEAM = TR2DNF3P93;
				DSTROOT = "/tmp/$(PROJECT_NAME)_macOS.dst";
				DYLIB_COMPATIBILITY_VERSION = 1;
				DYLIB_CURRENT_VERSION = 1;
				DYLIB_INSTALL_NAME_BASE = "@rpath";
				ENABLE_MODULE_VERIFIER = YES;
				GCC_OPTIMIZATION_LEVEL = 1;
				GENERATE_INFOPLIST_FILE = YES;
				INFOPLIST_KEY_NSHumanReadableCopyright = "";
				INSTALL_PATH = "$(LOCAL_LIBRARY_DIR)/Frameworks";
				LD_RUNPATH_SEARCH_PATHS = (
					"$(inherited)",
					"@executable_path/../Frameworks",
					"@loader_path/Frameworks",
				);
				MARKETING_VERSION = 1.0;
				MODULE_VERIFIER_SUPPORTED_LANGUAGES = "objective-c objective-c++";
				MODULE_VERIFIER_SUPPORTED_LANGUAGE_STANDARDS = "gnu17 gnu++20";
				PRODUCT_BUNDLE_IDENTIFIER = "com.github.steel-wheels.JavaScriptKit.macOS";
				PRODUCT_NAME = JavaScriptKit;
				SKIP_INSTALL = YES;
				SWIFT_EMIT_LOC_STRINGS = YES;
				SWIFT_INSTALL_OBJC_HEADER = NO;
				SWIFT_OPTIMIZATION_LEVEL = "-O";
				SWIFT_VERSION = 6.0;
			};
			name = Release;
		};
		0524A5502CC53B92001356A5 /* Debug */ = {
			isa = XCBuildConfiguration;
			buildSettings = {
				ALWAYS_SEARCH_USER_PATHS = NO;
				ASSETCATALOG_COMPILER_GENERATE_SWIFT_ASSET_SYMBOL_EXTENSIONS = YES;
				CLANG_ANALYZER_NONNULL = YES;
				CLANG_ANALYZER_NUMBER_OBJECT_CONVERSION = YES_AGGRESSIVE;
				CLANG_CXX_LANGUAGE_STANDARD = "gnu++20";
				CLANG_ENABLE_MODULES = YES;
				CLANG_ENABLE_OBJC_ARC = YES;
				CLANG_ENABLE_OBJC_WEAK = YES;
				CLANG_WARN_BLOCK_CAPTURE_AUTORELEASING = YES;
				CLANG_WARN_BOOL_CONVERSION = YES;
				CLANG_WARN_COMMA = YES;
				CLANG_WARN_CONSTANT_CONVERSION = YES;
				CLANG_WARN_DEPRECATED_OBJC_IMPLEMENTATIONS = YES;
				CLANG_WARN_DIRECT_OBJC_ISA_USAGE = YES_ERROR;
				CLANG_WARN_DOCUMENTATION_COMMENTS = YES;
				CLANG_WARN_EMPTY_BODY = YES;
				CLANG_WARN_ENUM_CONVERSION = YES;
				CLANG_WARN_INFINITE_RECURSION = YES;
				CLANG_WARN_INT_CONVERSION = YES;
				CLANG_WARN_NON_LITERAL_NULL_CONVERSION = YES;
				CLANG_WARN_OBJC_IMPLICIT_RETAIN_SELF = YES;
				CLANG_WARN_OBJC_LITERAL_CONVERSION = YES;
				CLANG_WARN_OBJC_ROOT_CLASS = YES_ERROR;
				CLANG_WARN_QUOTED_INCLUDE_IN_FRAMEWORK_HEADER = YES;
				CLANG_WARN_RANGE_LOOP_ANALYSIS = YES;
				CLANG_WARN_STRICT_PROTOTYPES = YES;
				CLANG_WARN_SUSPICIOUS_MOVE = YES;
				CLANG_WARN_UNGUARDED_AVAILABILITY = YES_AGGRESSIVE;
				CLANG_WARN_UNREACHABLE_CODE = YES;
				CLANG_WARN__DUPLICATE_METHOD_MATCH = YES;
				COPY_PHASE_STRIP = NO;
				CURRENT_PROJECT_VERSION = 1;
				DEBUG_INFORMATION_FORMAT = dwarf;
				ENABLE_STRICT_OBJC_MSGSEND = YES;
				ENABLE_TESTABILITY = YES;
				ENABLE_USER_SCRIPT_SANDBOXING = YES;
				GCC_C_LANGUAGE_STANDARD = gnu17;
				GCC_DYNAMIC_NO_PIC = NO;
				GCC_NO_COMMON_BLOCKS = YES;
				GCC_OPTIMIZATION_LEVEL = 0;
				GCC_PREPROCESSOR_DEFINITIONS = (
					"DEBUG=1",
					"$(inherited)",
				);
				GCC_WARN_64_TO_32_BIT_CONVERSION = YES;
				GCC_WARN_ABOUT_RETURN_TYPE = YES_ERROR;
				GCC_WARN_UNDECLARED_SELECTOR = YES;
				GCC_WARN_UNINITIALIZED_AUTOS = YES_AGGRESSIVE;
				GCC_WARN_UNUSED_FUNCTION = YES;
				GCC_WARN_UNUSED_VARIABLE = YES;
				LOCALIZATION_PREFERS_STRING_CATALOGS = YES;
				MACOSX_DEPLOYMENT_TARGET = 15.0;
				MTL_ENABLE_DEBUG_INFO = INCLUDE_SOURCE;
				MTL_FAST_MATH = YES;
				ONLY_ACTIVE_ARCH = YES;
				SDKROOT = macosx;
				SWIFT_ACTIVE_COMPILATION_CONDITIONS = "DEBUG $(inherited)";
				SWIFT_OPTIMIZATION_LEVEL = "-Onone";
				VERSIONING_SYSTEM = "apple-generic";
				VERSION_INFO_PREFIX = "";
			};
			name = Debug;
		};
		0524A5512CC53B92001356A5 /* Release */ = {
			isa = XCBuildConfiguration;
			buildSettings = {
				ALWAYS_SEARCH_USER_PATHS = NO;
				ASSETCATALOG_COMPILER_GENERATE_SWIFT_ASSET_SYMBOL_EXTENSIONS = YES;
				CLANG_ANALYZER_NONNULL = YES;
				CLANG_ANALYZER_NUMBER_OBJECT_CONVERSION = YES_AGGRESSIVE;
				CLANG_CXX_LANGUAGE_STANDARD = "gnu++20";
				CLANG_ENABLE_MODULES = YES;
				CLANG_ENABLE_OBJC_ARC = YES;
				CLANG_ENABLE_OBJC_WEAK = YES;
				CLANG_WARN_BLOCK_CAPTURE_AUTORELEASING = YES;
				CLANG_WARN_BOOL_CONVERSION = YES;
				CLANG_WARN_COMMA = YES;
				CLANG_WARN_CONSTANT_CONVERSION = YES;
				CLANG_WARN_DEPRECATED_OBJC_IMPLEMENTATIONS = YES;
				CLANG_WARN_DIRECT_OBJC_ISA_USAGE = YES_ERROR;
				CLANG_WARN_DOCUMENTATION_COMMENTS = YES;
				CLANG_WARN_EMPTY_BODY = YES;
				CLANG_WARN_ENUM_CONVERSION = YES;
				CLANG_WARN_INFINITE_RECURSION = YES;
				CLANG_WARN_INT_CONVERSION = YES;
				CLANG_WARN_NON_LITERAL_NULL_CONVERSION = YES;
				CLANG_WARN_OBJC_IMPLICIT_RETAIN_SELF = YES;
				CLANG_WARN_OBJC_LITERAL_CONVERSION = YES;
				CLANG_WARN_OBJC_ROOT_CLASS = YES_ERROR;
				CLANG_WARN_QUOTED_INCLUDE_IN_FRAMEWORK_HEADER = YES;
				CLANG_WARN_RANGE_LOOP_ANALYSIS = YES;
				CLANG_WARN_STRICT_PROTOTYPES = YES;
				CLANG_WARN_SUSPICIOUS_MOVE = YES;
				CLANG_WARN_UNGUARDED_AVAILABILITY = YES_AGGRESSIVE;
				CLANG_WARN_UNREACHABLE_CODE = YES;
				CLANG_WARN__DUPLICATE_METHOD_MATCH = YES;
				COPY_PHASE_STRIP = NO;
				CURRENT_PROJECT_VERSION = 1;
				DEBUG_INFORMATION_FORMAT = "dwarf-with-dsym";
				ENABLE_NS_ASSERTIONS = NO;
				ENABLE_STRICT_OBJC_MSGSEND = YES;
				ENABLE_USER_SCRIPT_SANDBOXING = YES;
				GCC_C_LANGUAGE_STANDARD = gnu17;
				GCC_NO_COMMON_BLOCKS = YES;
				GCC_WARN_64_TO_32_BIT_CONVERSION = YES;
				GCC_WARN_ABOUT_RETURN_TYPE = YES_ERROR;
				GCC_WARN_UNDECLARED_SELECTOR = YES;
				GCC_WARN_UNINITIALIZED_AUTOS = YES_AGGRESSIVE;
				GCC_WARN_UNUSED_FUNCTION = YES;
				GCC_WARN_UNUSED_VARIABLE = YES;
				LOCALIZATION_PREFERS_STRING_CATALOGS = YES;
				MACOSX_DEPLOYMENT_TARGET = 15.0;
				MTL_ENABLE_DEBUG_INFO = NO;
				MTL_FAST_MATH = YES;
				SDKROOT = macosx;
				SWIFT_COMPILATION_MODE = wholemodule;
				VERSIONING_SYSTEM = "apple-generic";
				VERSION_INFO_PREFIX = "";
			};
			name = Release;
		};
		05E0318A2CC53D9F00ABBA88 /* Debug */ = {
			isa = XCBuildConfiguration;
			buildSettings = {
				BUILD_LIBRARY_FOR_DISTRIBUTION = YES;
				CODE_SIGN_STYLE = Automatic;
				CURRENT_PROJECT_VERSION = 1;
				DEFINES_MODULE = YES;
				DEVELOPMENT_TEAM = TR2DNF3P93;
				DSTROOT = "/tmp/$(PROJECT_NAME)_iOS.dst";
				DYLIB_COMPATIBILITY_VERSION = 1;
				DYLIB_CURRENT_VERSION = 1;
				DYLIB_INSTALL_NAME_BASE = "@rpath";
				ENABLE_MODULE_VERIFIER = YES;
				GCC_OPTIMIZATION_LEVEL = 1;
				GENERATE_INFOPLIST_FILE = YES;
				INFOPLIST_KEY_NSHumanReadableCopyright = "";
				INSTALL_PATH = "$(LOCAL_LIBRARY_DIR)/Frameworks";
				IPHONEOS_DEPLOYMENT_TARGET = 18.0;
				LD_RUNPATH_SEARCH_PATHS = (
					"$(inherited)",
					"@executable_path/Frameworks",
					"@loader_path/Frameworks",
				);
				MARKETING_VERSION = 1.0;
				MODULE_VERIFIER_SUPPORTED_LANGUAGES = "objective-c objective-c++";
				MODULE_VERIFIER_SUPPORTED_LANGUAGE_STANDARDS = "gnu17 gnu++20";
				PRODUCT_BUNDLE_IDENTIFIER = "com.github.steel-wheels.JavaScriptKit.iOS";
				PRODUCT_NAME = JavaScriptKit;
				SDKROOT = iphoneos;
				SKIP_INSTALL = YES;
				SWIFT_EMIT_LOC_STRINGS = YES;
				SWIFT_INSTALL_OBJC_HEADER = NO;
				SWIFT_OPTIMIZATION_LEVEL = "-O";
				SWIFT_VERSION = 6.0;
				TARGETED_DEVICE_FAMILY = "1,2";
			};
			name = Debug;
		};
		05E0318B2CC53D9F00ABBA88 /* Release */ = {
			isa = XCBuildConfiguration;
			buildSettings = {
				BUILD_LIBRARY_FOR_DISTRIBUTION = YES;
				CODE_SIGN_STYLE = Automatic;
				CURRENT_PROJECT_VERSION = 1;
				DEFINES_MODULE = YES;
				DEVELOPMENT_TEAM = TR2DNF3P93;
				DSTROOT = "/tmp/$(PROJECT_NAME)_iOS.dst";
				DYLIB_COMPATIBILITY_VERSION = 1;
				DYLIB_CURRENT_VERSION = 1;
				DYLIB_INSTALL_NAME_BASE = "@rpath";
				ENABLE_MODULE_VERIFIER = YES;
				GCC_OPTIMIZATION_LEVEL = 1;
				GENERATE_INFOPLIST_FILE = YES;
				INFOPLIST_KEY_NSHumanReadableCopyright = "";
				INSTALL_PATH = "$(LOCAL_LIBRARY_DIR)/Frameworks";
				IPHONEOS_DEPLOYMENT_TARGET = 18.0;
				LD_RUNPATH_SEARCH_PATHS = (
					"$(inherited)",
					"@executable_path/Frameworks",
					"@loader_path/Frameworks",
				);
				MARKETING_VERSION = 1.0;
				MODULE_VERIFIER_SUPPORTED_LANGUAGES = "objective-c objective-c++";
				MODULE_VERIFIER_SUPPORTED_LANGUAGE_STANDARDS = "gnu17 gnu++20";
				PRODUCT_BUNDLE_IDENTIFIER = "com.github.steel-wheels.JavaScriptKit.iOS";
				PRODUCT_NAME = JavaScriptKit;
				SDKROOT = iphoneos;
				SKIP_INSTALL = YES;
				SWIFT_EMIT_LOC_STRINGS = YES;
				SWIFT_INSTALL_OBJC_HEADER = NO;
				SWIFT_OPTIMIZATION_LEVEL = "-O";
				SWIFT_VERSION = 6.0;
				TARGETED_DEVICE_FAMILY = "1,2";
				VALIDATE_PRODUCT = YES;
			};
			name = Release;
		};
		05E0319A2CC546EF00ABBA88 /* Debug */ = {
			isa = XCBuildConfiguration;
			buildSettings = {
				CODE_SIGN_STYLE = Automatic;
				DEBUGGING_SYMBOLS = YES;
				DEBUG_INFORMATION_FORMAT = dwarf;
				DEVELOPMENT_TEAM = TR2DNF3P93;
				GCC_GENERATE_DEBUGGING_SYMBOLS = YES;
				GCC_OPTIMIZATION_LEVEL = 0;
				OTHER_CFLAGS = "";
				OTHER_LDFLAGS = "";
				PRODUCT_NAME = "$(TARGET_NAME)";
			};
			name = Debug;
		};
		05E0319B2CC546EF00ABBA88 /* Release */ = {
			isa = XCBuildConfiguration;
			buildSettings = {
				CODE_SIGN_STYLE = Automatic;
				DEBUG_INFORMATION_FORMAT = "dwarf-with-dsym";
				DEVELOPMENT_TEAM = TR2DNF3P93;
				OTHER_CFLAGS = "";
				OTHER_LDFLAGS = "";
				PRODUCT_NAME = "$(TARGET_NAME)";
			};
			name = Release;
		};
		05E031A62CC54DA800ABBA88 /* Debug */ = {
			isa = XCBuildConfiguration;
			buildSettings = {
				CODE_SIGN_STYLE = Automatic;
				COMBINE_HIDPI_IMAGES = YES;
				CURRENT_PROJECT_VERSION = 1;
				DEVELOPMENT_TEAM = TR2DNF3P93;
				GENERATE_INFOPLIST_FILE = YES;
				INFOPLIST_KEY_NSHumanReadableCopyright = "";
				INFOPLIST_KEY_NSPrincipalClass = "";
				INSTALL_PATH = "$(LOCAL_LIBRARY_DIR)/Bundles";
				MARKETING_VERSION = 1.0;
				PRODUCT_BUNDLE_IDENTIFIER = "com.github.steel-wheels.JavaScriptKit.bundle";
				PRODUCT_NAME = JavaScriptKit;
				SKIP_INSTALL = YES;
				SWIFT_EMIT_LOC_STRINGS = YES;
				WRAPPER_EXTENSION = bundle;
			};
			name = Debug;
		};
		05E031A72CC54DA800ABBA88 /* Release */ = {
			isa = XCBuildConfiguration;
			buildSettings = {
				CODE_SIGN_STYLE = Automatic;
				COMBINE_HIDPI_IMAGES = YES;
				CURRENT_PROJECT_VERSION = 1;
				DEVELOPMENT_TEAM = TR2DNF3P93;
				GENERATE_INFOPLIST_FILE = YES;
				INFOPLIST_KEY_NSHumanReadableCopyright = "";
				INFOPLIST_KEY_NSPrincipalClass = "";
				INSTALL_PATH = "$(LOCAL_LIBRARY_DIR)/Bundles";
				MARKETING_VERSION = 1.0;
				PRODUCT_BUNDLE_IDENTIFIER = "com.github.steel-wheels.JavaScriptKit.bundle";
				PRODUCT_NAME = JavaScriptKit;
				SKIP_INSTALL = YES;
				SWIFT_EMIT_LOC_STRINGS = YES;
				WRAPPER_EXTENSION = bundle;
			};
			name = Release;
		};
		05E031B62CC551D900ABBA88 /* Debug */ = {
			isa = XCBuildConfiguration;
			buildSettings = {
				CODE_SIGN_STYLE = Automatic;
				DEVELOPMENT_TEAM = TR2DNF3P93;
				ENABLE_HARDENED_RUNTIME = YES;
				INSTALL_PATH = ../Product/bin;
				LD_RUNPATH_SEARCH_PATHS = "@executable_path/JavaScriptKit.bundle/Contents/Frameworks/";
				PRODUCT_NAME = "$(TARGET_NAME)";
				SWIFT_VERSION = 5.0;
			};
			name = Debug;
		};
		05E031B72CC551D900ABBA88 /* Release */ = {
			isa = XCBuildConfiguration;
			buildSettings = {
				CODE_SIGN_STYLE = Automatic;
				DEVELOPMENT_TEAM = TR2DNF3P93;
				ENABLE_HARDENED_RUNTIME = YES;
				INSTALL_PATH = ../Product/bin;
				LD_RUNPATH_SEARCH_PATHS = "@executable_path/JavaScriptKit.bundle/Contents/Frameworks/";
				PRODUCT_NAME = "$(TARGET_NAME)";
				SWIFT_VERSION = 5.0;
			};
			name = Release;
		};
/* End XCBuildConfiguration section */

/* Begin XCConfigurationList section */
		0524A53F2CC53B92001356A5 /* Build configuration list for PBXProject "JavaScriptKit" */ = {
			isa = XCConfigurationList;
			buildConfigurations = (
				0524A5502CC53B92001356A5 /* Debug */,
				0524A5512CC53B92001356A5 /* Release */,
			);
			defaultConfigurationIsVisible = 0;
			defaultConfigurationName = Release;
		};
		0524A54D2CC53B92001356A5 /* Build configuration list for PBXNativeTarget "JavaScriptKit_macOS" */ = {
			isa = XCConfigurationList;
			buildConfigurations = (
				0524A54E2CC53B92001356A5 /* Debug */,
				0524A54F2CC53B92001356A5 /* Release */,
			);
			defaultConfigurationIsVisible = 0;
			defaultConfigurationName = Release;
		};
		05E031892CC53D9F00ABBA88 /* Build configuration list for PBXNativeTarget "JavaScriptKit_iOS" */ = {
			isa = XCConfigurationList;
			buildConfigurations = (
				05E0318A2CC53D9F00ABBA88 /* Debug */,
				05E0318B2CC53D9F00ABBA88 /* Release */,
			);
			defaultConfigurationIsVisible = 0;
			defaultConfigurationName = Release;
		};
		05E031992CC546EF00ABBA88 /* Build configuration list for PBXLegacyTarget "Install" */ = {
			isa = XCConfigurationList;
			buildConfigurations = (
				05E0319A2CC546EF00ABBA88 /* Debug */,
				05E0319B2CC546EF00ABBA88 /* Release */,
			);
			defaultConfigurationIsVisible = 0;
			defaultConfigurationName = Release;
		};
		05E031A52CC54DA800ABBA88 /* Build configuration list for PBXNativeTarget "Bundle" */ = {
			isa = XCConfigurationList;
			buildConfigurations = (
				05E031A62CC54DA800ABBA88 /* Debug */,
				05E031A72CC54DA800ABBA88 /* Release */,
			);
			defaultConfigurationIsVisible = 0;
			defaultConfigurationName = Release;
		};
		05E031B52CC551D900ABBA88 /* Build configuration list for PBXNativeTarget "UnitTest" */ = {
			isa = XCConfigurationList;
			buildConfigurations = (
				05E031B62CC551D900ABBA88 /* Debug */,
				05E031B72CC551D900ABBA88 /* Release */,
			);
			defaultConfigurationIsVisible = 0;
			defaultConfigurationName = Release;
		};
/* End XCConfigurationList section */
	};
	rootObject = 0524A53C2CC53B92001356A5 /* Project object */;
}
